// !$*UTF8*$!
{
	archiveVersion = 1;
	classes = {
	};
	objectVersion = 50;
	objects = {

/* Begin PBXBuildFile section */
		B10B2DD722352B1F00A69EB4 /* appbox.plist in Resources */ = {isa = PBXBuildFile; fileRef = B10B2DD622352B1F00A69EB4 /* appbox.plist */; };
		B10B2DDA22352C1600A69EB4 /* appbox.plist in Resources */ = {isa = PBXBuildFile; fileRef = B10B2DD922352C1600A69EB4 /* appbox.plist */; };
		B1A0ADAE222FD37A000E1DB3 /* AppDelegate.swift in Sources */ = {isa = PBXBuildFile; fileRef = B1A0ADAD222FD37A000E1DB3 /* AppDelegate.swift */; };
		B1A0ADB0222FD37A000E1DB3 /* ViewController.swift in Sources */ = {isa = PBXBuildFile; fileRef = B1A0ADAF222FD37A000E1DB3 /* ViewController.swift */; };
		B1A0ADB3222FD37A000E1DB3 /* Main.storyboard in Resources */ = {isa = PBXBuildFile; fileRef = B1A0ADB1222FD37A000E1DB3 /* Main.storyboard */; };
		B1A0ADB5222FD37E000E1DB3 /* Assets.xcassets in Resources */ = {isa = PBXBuildFile; fileRef = B1A0ADB4222FD37E000E1DB3 /* Assets.xcassets */; };
		B1A0ADB8222FD37E000E1DB3 /* LaunchScreen.storyboard in Resources */ = {isa = PBXBuildFile; fileRef = B1A0ADB6222FD37E000E1DB3 /* LaunchScreen.storyboard */; };
		B1A0ADC3222FD37E000E1DB3 /* CICDTestTests.swift in Sources */ = {isa = PBXBuildFile; fileRef = B1A0ADC2222FD37E000E1DB3 /* CICDTestTests.swift */; };
		B1A0ADCE222FD37E000E1DB3 /* CICDTestUITests.swift in Sources */ = {isa = PBXBuildFile; fileRef = B1A0ADCD222FD37E000E1DB3 /* CICDTestUITests.swift */; };
/* End PBXBuildFile section */

/* Begin PBXContainerItemProxy section */
		B1A0ADBF222FD37E000E1DB3 /* PBXContainerItemProxy */ = {
			isa = PBXContainerItemProxy;
			containerPortal = B1A0ADA2222FD37A000E1DB3 /* Project object */;
			proxyType = 1;
			remoteGlobalIDString = B1A0ADA9222FD37A000E1DB3;
			remoteInfo = CICDTest;
		};
		B1A0ADCA222FD37E000E1DB3 /* PBXContainerItemProxy */ = {
			isa = PBXContainerItemProxy;
			containerPortal = B1A0ADA2222FD37A000E1DB3 /* Project object */;
			proxyType = 1;
			remoteGlobalIDString = B1A0ADA9222FD37A000E1DB3;
			remoteInfo = CICDTest;
		};
/* End PBXContainerItemProxy section */

/* Begin PBXFileReference section */
		B10B2DD622352B1F00A69EB4 /* appbox.plist */ = {isa = PBXFileReference; lastKnownFileType = text.plist.xml; path = appbox.plist; sourceTree = "<group>"; };
		B10B2DD922352C1600A69EB4 /* appbox.plist */ = {isa = PBXFileReference; fileEncoding = 4; lastKnownFileType = text.plist.xml; path = appbox.plist; sourceTree = "<group>"; };
		B10B2DDC22352FDE00A69EB4 /* Certificates_Egypt.p12 */ = {isa = PBXFileReference; lastKnownFileType = file; path = Certificates_Egypt.p12; sourceTree = "<group>"; };
		B10B2DDD2235301000A69EB4 /* CICDTestAdHoc.mobileprovision */ = {isa = PBXFileReference; lastKnownFileType = file; path = CICDTestAdHoc.mobileprovision; sourceTree = "<group>"; };
		B1A0ADAA222FD37A000E1DB3 /* CICDTest.app */ = {isa = PBXFileReference; explicitFileType = wrapper.application; includeInIndex = 0; path = CICDTest.app; sourceTree = BUILT_PRODUCTS_DIR; };
		B1A0ADAD222FD37A000E1DB3 /* AppDelegate.swift */ = {isa = PBXFileReference; lastKnownFileType = sourcecode.swift; path = AppDelegate.swift; sourceTree = "<group>"; };
		B1A0ADAF222FD37A000E1DB3 /* ViewController.swift */ = {isa = PBXFileReference; lastKnownFileType = sourcecode.swift; path = ViewController.swift; sourceTree = "<group>"; };
		B1A0ADB2222FD37A000E1DB3 /* Base */ = {isa = PBXFileReference; lastKnownFileType = file.storyboard; name = Base; path = Base.lproj/Main.storyboard; sourceTree = "<group>"; };
		B1A0ADB4222FD37E000E1DB3 /* Assets.xcassets */ = {isa = PBXFileReference; lastKnownFileType = folder.assetcatalog; path = Assets.xcassets; sourceTree = "<group>"; };
		B1A0ADB7222FD37E000E1DB3 /* Base */ = {isa = PBXFileReference; lastKnownFileType = file.storyboard; name = Base; path = Base.lproj/LaunchScreen.storyboard; sourceTree = "<group>"; };
		B1A0ADB9222FD37E000E1DB3 /* Info.plist */ = {isa = PBXFileReference; lastKnownFileType = text.plist.xml; path = Info.plist; sourceTree = "<group>"; };
		B1A0ADBE222FD37E000E1DB3 /* CICDTestTests.xctest */ = {isa = PBXFileReference; explicitFileType = wrapper.cfbundle; includeInIndex = 0; path = CICDTestTests.xctest; sourceTree = BUILT_PRODUCTS_DIR; };
		B1A0ADC2222FD37E000E1DB3 /* CICDTestTests.swift */ = {isa = PBXFileReference; lastKnownFileType = sourcecode.swift; path = CICDTestTests.swift; sourceTree = "<group>"; };
		B1A0ADC4222FD37E000E1DB3 /* Info.plist */ = {isa = PBXFileReference; lastKnownFileType = text.plist.xml; path = Info.plist; sourceTree = "<group>"; };
		B1A0ADC9222FD37E000E1DB3 /* CICDTestUITests.xctest */ = {isa = PBXFileReference; explicitFileType = wrapper.cfbundle; includeInIndex = 0; path = CICDTestUITests.xctest; sourceTree = BUILT_PRODUCTS_DIR; };
		B1A0ADCD222FD37E000E1DB3 /* CICDTestUITests.swift */ = {isa = PBXFileReference; lastKnownFileType = sourcecode.swift; path = CICDTestUITests.swift; sourceTree = "<group>"; };
		B1A0ADCF222FD37E000E1DB3 /* Info.plist */ = {isa = PBXFileReference; lastKnownFileType = text.plist.xml; path = Info.plist; sourceTree = "<group>"; };
/* End PBXFileReference section */

/* Begin PBXFrameworksBuildPhase section */
		B1A0ADA7222FD37A000E1DB3 /* Frameworks */ = {
			isa = PBXFrameworksBuildPhase;
			buildActionMask = 2147483647;
			files = (
			);
			runOnlyForDeploymentPostprocessing = 0;
		};
		B1A0ADBB222FD37E000E1DB3 /* Frameworks */ = {
			isa = PBXFrameworksBuildPhase;
			buildActionMask = 2147483647;
			files = (
			);
			runOnlyForDeploymentPostprocessing = 0;
		};
		B1A0ADC6222FD37E000E1DB3 /* Frameworks */ = {
			isa = PBXFrameworksBuildPhase;
			buildActionMask = 2147483647;
			files = (
			);
			runOnlyForDeploymentPostprocessing = 0;
		};
/* End PBXFrameworksBuildPhase section */

/* Begin PBXGroup section */
		B10B2DD822352C0800A69EB4 /* cert */ = {
			isa = PBXGroup;
			children = (
				B10B2DDC22352FDE00A69EB4 /* Certificates_Egypt.p12 */,
				B10B2DDD2235301000A69EB4 /* CICDTestAdHoc.mobileprovision */,
				B10B2DD922352C1600A69EB4 /* appbox.plist */,
			);
			path = cert;
			sourceTree = "<group>";
		};
		B1A0ADA1222FD37A000E1DB3 = {
			isa = PBXGroup;
			children = (
				B1A0ADAC222FD37A000E1DB3 /* CICDTest */,
				B1A0ADC1222FD37E000E1DB3 /* CICDTestTests */,
				B1A0ADCC222FD37E000E1DB3 /* CICDTestUITests */,
				B1A0ADAB222FD37A000E1DB3 /* Products */,
			);
			sourceTree = "<group>";
		};
		B1A0ADAB222FD37A000E1DB3 /* Products */ = {
			isa = PBXGroup;
			children = (
				B1A0ADAA222FD37A000E1DB3 /* CICDTest.app */,
				B1A0ADBE222FD37E000E1DB3 /* CICDTestTests.xctest */,
				B1A0ADC9222FD37E000E1DB3 /* CICDTestUITests.xctest */,
			);
			name = Products;
			sourceTree = "<group>";
		};
		B1A0ADAC222FD37A000E1DB3 /* CICDTest */ = {
			isa = PBXGroup;
			children = (
				B10B2DD822352C0800A69EB4 /* cert */,
				B1A0ADAD222FD37A000E1DB3 /* AppDelegate.swift */,
				B1A0ADAF222FD37A000E1DB3 /* ViewController.swift */,
				B1A0ADB1222FD37A000E1DB3 /* Main.storyboard */,
				B1A0ADB4222FD37E000E1DB3 /* Assets.xcassets */,
				B1A0ADB6222FD37E000E1DB3 /* LaunchScreen.storyboard */,
				B1A0ADB9222FD37E000E1DB3 /* Info.plist */,
				B10B2DD622352B1F00A69EB4 /* appbox.plist */,
			);
			path = CICDTest;
			sourceTree = "<group>";
		};
		B1A0ADC1222FD37E000E1DB3 /* CICDTestTests */ = {
			isa = PBXGroup;
			children = (
				B1A0ADC2222FD37E000E1DB3 /* CICDTestTests.swift */,
				B1A0ADC4222FD37E000E1DB3 /* Info.plist */,
			);
			path = CICDTestTests;
			sourceTree = "<group>";
		};
		B1A0ADCC222FD37E000E1DB3 /* CICDTestUITests */ = {
			isa = PBXGroup;
			children = (
				B1A0ADCD222FD37E000E1DB3 /* CICDTestUITests.swift */,
				B1A0ADCF222FD37E000E1DB3 /* Info.plist */,
			);
			path = CICDTestUITests;
			sourceTree = "<group>";
		};
/* End PBXGroup section */

/* Begin PBXNativeTarget section */
		B1A0ADA9222FD37A000E1DB3 /* CICDTest */ = {
			isa = PBXNativeTarget;
			buildConfigurationList = B1A0ADD2222FD37E000E1DB3 /* Build configuration list for PBXNativeTarget "CICDTest" */;
			buildPhases = (
				B1A0ADA6222FD37A000E1DB3 /* Sources */,
				B1A0ADA7222FD37A000E1DB3 /* Frameworks */,
				B1A0ADA8222FD37A000E1DB3 /* Resources */,
			);
			buildRules = (
			);
			dependencies = (
			);
			name = CICDTest;
			productName = CICDTest;
			productReference = B1A0ADAA222FD37A000E1DB3 /* CICDTest.app */;
			productType = "com.apple.product-type.application";
		};
		B1A0ADBD222FD37E000E1DB3 /* CICDTestTests */ = {
			isa = PBXNativeTarget;
			buildConfigurationList = B1A0ADD5222FD37E000E1DB3 /* Build configuration list for PBXNativeTarget "CICDTestTests" */;
			buildPhases = (
				B1A0ADBA222FD37E000E1DB3 /* Sources */,
				B1A0ADBB222FD37E000E1DB3 /* Frameworks */,
				B1A0ADBC222FD37E000E1DB3 /* Resources */,
			);
			buildRules = (
			);
			dependencies = (
				B1A0ADC0222FD37E000E1DB3 /* PBXTargetDependency */,
			);
			name = CICDTestTests;
			productName = CICDTestTests;
			productReference = B1A0ADBE222FD37E000E1DB3 /* CICDTestTests.xctest */;
			productType = "com.apple.product-type.bundle.unit-test";
		};
		B1A0ADC8222FD37E000E1DB3 /* CICDTestUITests */ = {
			isa = PBXNativeTarget;
			buildConfigurationList = B1A0ADD8222FD37E000E1DB3 /* Build configuration list for PBXNativeTarget "CICDTestUITests" */;
			buildPhases = (
				B1A0ADC5222FD37E000E1DB3 /* Sources */,
				B1A0ADC6222FD37E000E1DB3 /* Frameworks */,
				B1A0ADC7222FD37E000E1DB3 /* Resources */,
			);
			buildRules = (
			);
			dependencies = (
				B1A0ADCB222FD37E000E1DB3 /* PBXTargetDependency */,
			);
			name = CICDTestUITests;
			productName = CICDTestUITests;
			productReference = B1A0ADC9222FD37E000E1DB3 /* CICDTestUITests.xctest */;
			productType = "com.apple.product-type.bundle.ui-testing";
		};
/* End PBXNativeTarget section */

/* Begin PBXProject section */
		B1A0ADA2222FD37A000E1DB3 /* Project object */ = {
			isa = PBXProject;
			attributes = {
				LastSwiftUpdateCheck = 1010;
				LastUpgradeCheck = 1010;
				ORGANIZATIONNAME = "Mahmoud Tarek";
				TargetAttributes = {
					B1A0ADA9222FD37A000E1DB3 = {
						CreatedOnToolsVersion = 10.1;
					};
					B1A0ADBD222FD37E000E1DB3 = {
						CreatedOnToolsVersion = 10.1;
						TestTargetID = B1A0ADA9222FD37A000E1DB3;
					};
					B1A0ADC8222FD37E000E1DB3 = {
						CreatedOnToolsVersion = 10.1;
						TestTargetID = B1A0ADA9222FD37A000E1DB3;
					};
				};
			};
			buildConfigurationList = B1A0ADA5222FD37A000E1DB3 /* Build configuration list for PBXProject "CICDTest" */;
			compatibilityVersion = "Xcode 9.3";
			developmentRegion = en;
			hasScannedForEncodings = 0;
			knownRegions = (
				en,
				Base,
			);
			mainGroup = B1A0ADA1222FD37A000E1DB3;
			productRefGroup = B1A0ADAB222FD37A000E1DB3 /* Products */;
			projectDirPath = "";
			projectRoot = "";
			targets = (
				B1A0ADA9222FD37A000E1DB3 /* CICDTest */,
				B1A0ADBD222FD37E000E1DB3 /* CICDTestTests */,
				B1A0ADC8222FD37E000E1DB3 /* CICDTestUITests */,
			);
		};
/* End PBXProject section */

/* Begin PBXResourcesBuildPhase section */
		B1A0ADA8222FD37A000E1DB3 /* Resources */ = {
			isa = PBXResourcesBuildPhase;
			buildActionMask = 2147483647;
			files = (
				B10B2DDA22352C1600A69EB4 /* appbox.plist in Resources */,
				B10B2DD722352B1F00A69EB4 /* appbox.plist in Resources */,
				B1A0ADB8222FD37E000E1DB3 /* LaunchScreen.storyboard in Resources */,
				B1A0ADB5222FD37E000E1DB3 /* Assets.xcassets in Resources */,
				B1A0ADB3222FD37A000E1DB3 /* Main.storyboard in Resources */,
			);
			runOnlyForDeploymentPostprocessing = 0;
		};
		B1A0ADBC222FD37E000E1DB3 /* Resources */ = {
			isa = PBXResourcesBuildPhase;
			buildActionMask = 2147483647;
			files = (
			);
			runOnlyForDeploymentPostprocessing = 0;
		};
		B1A0ADC7222FD37E000E1DB3 /* Resources */ = {
			isa = PBXResourcesBuildPhase;
			buildActionMask = 2147483647;
			files = (
			);
			runOnlyForDeploymentPostprocessing = 0;
		};
/* End PBXResourcesBuildPhase section */

/* Begin PBXSourcesBuildPhase section */
		B1A0ADA6222FD37A000E1DB3 /* Sources */ = {
			isa = PBXSourcesBuildPhase;
			buildActionMask = 2147483647;
			files = (
				B1A0ADB0222FD37A000E1DB3 /* ViewController.swift in Sources */,
				B1A0ADAE222FD37A000E1DB3 /* AppDelegate.swift in Sources */,
			);
			runOnlyForDeploymentPostprocessing = 0;
		};
		B1A0ADBA222FD37E000E1DB3 /* Sources */ = {
			isa = PBXSourcesBuildPhase;
			buildActionMask = 2147483647;
			files = (
				B1A0ADC3222FD37E000E1DB3 /* CICDTestTests.swift in Sources */,
			);
			runOnlyForDeploymentPostprocessing = 0;
		};
		B1A0ADC5222FD37E000E1DB3 /* Sources */ = {
			isa = PBXSourcesBuildPhase;
			buildActionMask = 2147483647;
			files = (
				B1A0ADCE222FD37E000E1DB3 /* CICDTestUITests.swift in Sources */,
			);
			runOnlyForDeploymentPostprocessing = 0;
		};
/* End PBXSourcesBuildPhase section */

/* Begin PBXTargetDependency section */
		B1A0ADC0222FD37E000E1DB3 /* PBXTargetDependency */ = {
			isa = PBXTargetDependency;
			target = B1A0ADA9222FD37A000E1DB3 /* CICDTest */;
			targetProxy = B1A0ADBF222FD37E000E1DB3 /* PBXContainerItemProxy */;
		};
		B1A0ADCB222FD37E000E1DB3 /* PBXTargetDependency */ = {
			isa = PBXTargetDependency;
			target = B1A0ADA9222FD37A000E1DB3 /* CICDTest */;
			targetProxy = B1A0ADCA222FD37E000E1DB3 /* PBXContainerItemProxy */;
		};
/* End PBXTargetDependency section */

/* Begin PBXVariantGroup section */
		B1A0ADB1222FD37A000E1DB3 /* Main.storyboard */ = {
			isa = PBXVariantGroup;
			children = (
				B1A0ADB2222FD37A000E1DB3 /* Base */,
			);
			name = Main.storyboard;
			sourceTree = "<group>";
		};
		B1A0ADB6222FD37E000E1DB3 /* LaunchScreen.storyboard */ = {
			isa = PBXVariantGroup;
			children = (
				B1A0ADB7222FD37E000E1DB3 /* Base */,
			);
			name = LaunchScreen.storyboard;
			sourceTree = "<group>";
		};
/* End PBXVariantGroup section */

/* Begin XCBuildConfiguration section */
		B1A0ADD0222FD37E000E1DB3 /* Debug */ = {
			isa = XCBuildConfiguration;
			buildSettings = {
				ALWAYS_SEARCH_USER_PATHS = NO;
				CLANG_ANALYZER_NONNULL = YES;
				CLANG_ANALYZER_NUMBER_OBJECT_CONVERSION = YES_AGGRESSIVE;
				CLANG_CXX_LANGUAGE_STANDARD = "gnu++14";
				CLANG_CXX_LIBRARY = "libc++";
				CLANG_ENABLE_MODULES = YES;
				CLANG_ENABLE_OBJC_ARC = YES;
				CLANG_ENABLE_OBJC_WEAK = YES;
				CLANG_WARN_BLOCK_CAPTURE_AUTORELEASING = YES;
				CLANG_WARN_BOOL_CONVERSION = YES;
				CLANG_WARN_COMMA = YES;
				CLANG_WARN_CONSTANT_CONVERSION = YES;
				CLANG_WARN_DEPRECATED_OBJC_IMPLEMENTATIONS = YES;
				CLANG_WARN_DIRECT_OBJC_ISA_USAGE = YES_ERROR;
				CLANG_WARN_DOCUMENTATION_COMMENTS = YES;
				CLANG_WARN_EMPTY_BODY = YES;
				CLANG_WARN_ENUM_CONVERSION = YES;
				CLANG_WARN_INFINITE_RECURSION = YES;
				CLANG_WARN_INT_CONVERSION = YES;
				CLANG_WARN_NON_LITERAL_NULL_CONVERSION = YES;
				CLANG_WARN_OBJC_IMPLICIT_RETAIN_SELF = YES;
				CLANG_WARN_OBJC_LITERAL_CONVERSION = YES;
				CLANG_WARN_OBJC_ROOT_CLASS = YES_ERROR;
				CLANG_WARN_RANGE_LOOP_ANALYSIS = YES;
				CLANG_WARN_STRICT_PROTOTYPES = YES;
				CLANG_WARN_SUSPICIOUS_MOVE = YES;
				CLANG_WARN_UNGUARDED_AVAILABILITY = YES_AGGRESSIVE;
				CLANG_WARN_UNREACHABLE_CODE = YES;
				CLANG_WARN__DUPLICATE_METHOD_MATCH = YES;
				CODE_SIGN_IDENTITY = "iPhone Developer";
				COPY_PHASE_STRIP = NO;
				DEBUG_INFORMATION_FORMAT = dwarf;
				ENABLE_STRICT_OBJC_MSGSEND = YES;
				ENABLE_TESTABILITY = YES;
				GCC_C_LANGUAGE_STANDARD = gnu11;
				GCC_DYNAMIC_NO_PIC = NO;
				GCC_NO_COMMON_BLOCKS = YES;
				GCC_OPTIMIZATION_LEVEL = 0;
				GCC_PREPROCESSOR_DEFINITIONS = (
					"DEBUG=1",
					"$(inherited)",
				);
				GCC_WARN_64_TO_32_BIT_CONVERSION = YES;
				GCC_WARN_ABOUT_RETURN_TYPE = YES_ERROR;
				GCC_WARN_UNDECLARED_SELECTOR = YES;
				GCC_WARN_UNINITIALIZED_AUTOS = YES_AGGRESSIVE;
				GCC_WARN_UNUSED_FUNCTION = YES;
				GCC_WARN_UNUSED_VARIABLE = YES;
				IPHONEOS_DEPLOYMENT_TARGET = 12.1;
				MTL_ENABLE_DEBUG_INFO = INCLUDE_SOURCE;
				MTL_FAST_MATH = YES;
				ONLY_ACTIVE_ARCH = YES;
				SDKROOT = iphoneos;
				SWIFT_ACTIVE_COMPILATION_CONDITIONS = DEBUG;
				SWIFT_OPTIMIZATION_LEVEL = "-Onone";
			};
			name = Debug;
		};
		B1A0ADD1222FD37E000E1DB3 /* Release */ = {
			isa = XCBuildConfiguration;
			buildSettings = {
				ALWAYS_SEARCH_USER_PATHS = NO;
				CLANG_ANALYZER_NONNULL = YES;
				CLANG_ANALYZER_NUMBER_OBJECT_CONVERSION = YES_AGGRESSIVE;
				CLANG_CXX_LANGUAGE_STANDARD = "gnu++14";
				CLANG_CXX_LIBRARY = "libc++";
				CLANG_ENABLE_MODULES = YES;
				CLANG_ENABLE_OBJC_ARC = YES;
				CLANG_ENABLE_OBJC_WEAK = YES;
				CLANG_WARN_BLOCK_CAPTURE_AUTORELEASING = YES;
				CLANG_WARN_BOOL_CONVERSION = YES;
				CLANG_WARN_COMMA = YES;
				CLANG_WARN_CONSTANT_CONVERSION = YES;
				CLANG_WARN_DEPRECATED_OBJC_IMPLEMENTATIONS = YES;
				CLANG_WARN_DIRECT_OBJC_ISA_USAGE = YES_ERROR;
				CLANG_WARN_DOCUMENTATION_COMMENTS = YES;
				CLANG_WARN_EMPTY_BODY = YES;
				CLANG_WARN_ENUM_CONVERSION = YES;
				CLANG_WARN_INFINITE_RECURSION = YES;
				CLANG_WARN_INT_CONVERSION = YES;
				CLANG_WARN_NON_LITERAL_NULL_CONVERSION = YES;
				CLANG_WARN_OBJC_IMPLICIT_RETAIN_SELF = YES;
				CLANG_WARN_OBJC_LITERAL_CONVERSION = YES;
				CLANG_WARN_OBJC_ROOT_CLASS = YES_ERROR;
				CLANG_WARN_RANGE_LOOP_ANALYSIS = YES;
				CLANG_WARN_STRICT_PROTOTYPES = YES;
				CLANG_WARN_SUSPICIOUS_MOVE = YES;
				CLANG_WARN_UNGUARDED_AVAILABILITY = YES_AGGRESSIVE;
				CLANG_WARN_UNREACHABLE_CODE = YES;
				CLANG_WARN__DUPLICATE_METHOD_MATCH = YES;
				CODE_SIGN_IDENTITY = "iPhone Developer";
				COPY_PHASE_STRIP = NO;
				DEBUG_INFORMATION_FORMAT = "dwarf-with-dsym";
				ENABLE_NS_ASSERTIONS = NO;
				ENABLE_STRICT_OBJC_MSGSEND = YES;
				GCC_C_LANGUAGE_STANDARD = gnu11;
				GCC_NO_COMMON_BLOCKS = YES;
				GCC_WARN_64_TO_32_BIT_CONVERSION = YES;
				GCC_WARN_ABOUT_RETURN_TYPE = YES_ERROR;
				GCC_WARN_UNDECLARED_SELECTOR = YES;
				GCC_WARN_UNINITIALIZED_AUTOS = YES_AGGRESSIVE;
				GCC_WARN_UNUSED_FUNCTION = YES;
				GCC_WARN_UNUSED_VARIABLE = YES;
				IPHONEOS_DEPLOYMENT_TARGET = 12.1;
				MTL_ENABLE_DEBUG_INFO = NO;
				MTL_FAST_MATH = YES;
				SDKROOT = iphoneos;
				SWIFT_COMPILATION_MODE = wholemodule;
				SWIFT_OPTIMIZATION_LEVEL = "-O";
				VALIDATE_PRODUCT = YES;
			};
			name = Release;
		};
		B1A0ADD3222FD37E000E1DB3 /* Debug */ = {
			isa = XCBuildConfiguration;
			buildSettings = {
				ASSETCATALOG_COMPILER_APPICON_NAME = AppIcon;
				CODE_SIGN_STYLE = Automatic;
				DEVELOPMENT_TEAM = 8FN6JYTJBN;
				INFOPLIST_FILE = CICDTest/Info.plist;
				LD_RUNPATH_SEARCH_PATHS = (
					"$(inherited)",
					"@executable_path/Frameworks",
				);
				PRODUCT_BUNDLE_IDENTIFIER = vf.CICDTest;
				PRODUCT_NAME = "$(TARGET_NAME)";
				SWIFT_VERSION = 4.2;
				TARGETED_DEVICE_FAMILY = "1,2";
			};
			name = Debug;
		};
		B1A0ADD4222FD37E000E1DB3 /* Release */ = {
			isa = XCBuildConfiguration;
			buildSettings = {
				ASSETCATALOG_COMPILER_APPICON_NAME = AppIcon;
				CODE_SIGN_STYLE = Automatic;
				DEVELOPMENT_TEAM = 8FN6JYTJBN;
				INFOPLIST_FILE = CICDTest/Info.plist;
				LD_RUNPATH_SEARCH_PATHS = (
					"$(inherited)",
					"@executable_path/Frameworks",
				);
				PRODUCT_BUNDLE_IDENTIFIER = vf.CICDTest;
				PRODUCT_NAME = "$(TARGET_NAME)";
				SWIFT_VERSION = 4.2;
				TARGETED_DEVICE_FAMILY = "1,2";
			};
			name = Release;
		};
		B1A0ADD6222FD37E000E1DB3 /* Debug */ = {
			isa = XCBuildConfiguration;
			buildSettings = {
				ALWAYS_EMBED_SWIFT_STANDARD_LIBRARIES = YES;
				BUNDLE_LOADER = "$(TEST_HOST)";
				CODE_SIGN_STYLE = Automatic;
				DEVELOPMENT_TEAM = BXL97SVLK9;
				INFOPLIST_FILE = CICDTestTests/Info.plist;
				LD_RUNPATH_SEARCH_PATHS = (
					"$(inherited)",
					"@executable_path/Frameworks",
					"@loader_path/Frameworks",
				);
				PRODUCT_BUNDLE_IDENTIFIER = "Mahmoud-Tarek.CICDTestTests";
				PRODUCT_NAME = "$(TARGET_NAME)";
				SWIFT_VERSION = 4.2;
				TARGETED_DEVICE_FAMILY = "1,2";
				TEST_HOST = "$(BUILT_PRODUCTS_DIR)/CICDTest.app/CICDTest";
			};
			name = Debug;
		};
		B1A0ADD7222FD37E000E1DB3 /* Release */ = {
			isa = XCBuildConfiguration;
			buildSettings = {
				ALWAYS_EMBED_SWIFT_STANDARD_LIBRARIES = YES;
				BUNDLE_LOADER = "$(TEST_HOST)";
				CODE_SIGN_STYLE = Automatic;
				DEVELOPMENT_TEAM = BXL97SVLK9;
				INFOPLIST_FILE = CICDTestTests/Info.plist;
				LD_RUNPATH_SEARCH_PATHS = (
					"$(inherited)",
					"@executable_path/Frameworks",
					"@loader_path/Frameworks",
				);
				PRODUCT_BUNDLE_IDENTIFIER = "Mahmoud-Tarek.CICDTestTests";
				PRODUCT_NAME = "$(TARGET_NAME)";
				SWIFT_VERSION = 4.2;
				TARGETED_DEVICE_FAMILY = "1,2";
				TEST_HOST = "$(BUILT_PRODUCTS_DIR)/CICDTest.app/CICDTest";
			};
			name = Release;
		};
		B1A0ADD9222FD37E000E1DB3 /* Debug */ = {
			isa = XCBuildConfiguration;
			buildSettings = {
				ALWAYS_EMBED_SWIFT_STANDARD_LIBRARIES = YES;
				CODE_SIGN_STYLE = Automatic;
				DEVELOPMENT_TEAM = BXL97SVLK9;
				INFOPLIST_FILE = CICDTestUITests/Info.plist;
				LD_RUNPATH_SEARCH_PATHS = (
					"$(inherited)",
					"@executable_path/Frameworks",
					"@loader_path/Frameworks",
				);
				PRODUCT_BUNDLE_IDENTIFIER = "Mahmoud-Tarek.CICDTestUITests";
				PRODUCT_NAME = "$(TARGET_NAME)";
				SWIFT_VERSION = 4.2;
				TARGETED_DEVICE_FAMILY = "1,2";
				TEST_TARGET_NAME = CICDTest;
			};
			name = Debug;
		};
		B1A0ADDA222FD37E000E1DB3 /* Release */ = {
			isa = XCBuildConfiguration;
			buildSettings = {
				ALWAYS_EMBED_SWIFT_STANDARD_LIBRARIES = YES;
				CODE_SIGN_STYLE = Automatic;
				DEVELOPMENT_TEAM = BXL97SVLK9;
				INFOPLIST_FILE = CICDTestUITests/Info.plist;
				LD_RUNPATH_SEARCH_PATHS = (
					"$(inherited)",
					"@executable_path/Frameworks",
					"@loader_path/Frameworks",
				);
				PRODUCT_BUNDLE_IDENTIFIER = "Mahmoud-Tarek.CICDTestUITests";
				PRODUCT_NAME = "$(TARGET_NAME)";
				SWIFT_VERSION = 4.2;
				TARGETED_DEVICE_FAMILY = "1,2";
				TEST_TARGET_NAME = CICDTest;
			};
			name = Release;
		};
/* End XCBuildConfiguration section */

/* Begin XCConfigurationList section */
		B1A0ADA5222FD37A000E1DB3 /* Build configuration list for PBXProject "CICDTest" */ = {
			isa = XCConfigurationList;
			buildConfigurations = (
				B1A0ADD0222FD37E000E1DB3 /* Debug */,
				B1A0ADD1222FD37E000E1DB3 /* Release */,
			);
			defaultConfigurationIsVisible = 0;
			defaultConfigurationName = Release;
		};
		B1A0ADD2222FD37E000E1DB3 /* Build configuration list for PBXNativeTarget "CICDTest" */ = {
			isa = XCConfigurationList;
			buildConfigurations = (
				B1A0ADD3222FD37E000E1DB3 /* Debug */,
				B1A0ADD4222FD37E000E1DB3 /* Release */,
			);
			defaultConfigurationIsVisible = 0;
			defaultConfigurationName = Release;
		};
		B1A0ADD5222FD37E000E1DB3 /* Build configuration list for PBXNativeTarget "CICDTestTests" */ = {
			isa = XCConfigurationList;
			buildConfigurations = (
				B1A0ADD6222FD37E000E1DB3 /* Debug */,
				B1A0ADD7222FD37E000E1DB3 /* Release */,
			);
			defaultConfigurationIsVisible = 0;
			defaultConfigurationName = Release;
		};
		B1A0ADD8222FD37E000E1DB3 /* Build configuration list for PBXNativeTarget "CICDTestUITests" */ = {
			isa = XCConfigurationList;
			buildConfigurations = (
				B1A0ADD9222FD37E000E1DB3 /* Debug */,
				B1A0ADDA222FD37E000E1DB3 /* Release */,
			);
			defaultConfigurationIsVisible = 0;
			defaultConfigurationName = Release;
		};
/* End XCConfigurationList section */
	};
	rootObject = B1A0ADA2222FD37A000E1DB3 /* Project object */;
}
